// !$*UTF8*$!
{
	archiveVersion = 1;
	classes = {
	};
	objectVersion = 50;
	objects = {

/* Begin PBXBuildFile section */
		9C46129C26252BFB0006ADBC /* AppDelegate.swift in Sources */ = {isa = PBXBuildFile; fileRef = 9C46129B26252BFB0006ADBC /* AppDelegate.swift */; };
		9C46129E26252BFB0006ADBC /* SceneDelegate.swift in Sources */ = {isa = PBXBuildFile; fileRef = 9C46129D26252BFB0006ADBC /* SceneDelegate.swift */; };
		9C4612A026252BFB0006ADBC /* ViewController.swift in Sources */ = {isa = PBXBuildFile; fileRef = 9C46129F26252BFB0006ADBC /* ViewController.swift */; };
		9C4612A326252BFB0006ADBC /* Main.storyboard in Resources */ = {isa = PBXBuildFile; fileRef = 9C4612A126252BFB0006ADBC /* Main.storyboard */; };
		9C4612A526252BFE0006ADBC /* Assets.xcassets in Resources */ = {isa = PBXBuildFile; fileRef = 9C4612A426252BFE0006ADBC /* Assets.xcassets */; };
		9C4612A826252BFE0006ADBC /* LaunchScreen.storyboard in Resources */ = {isa = PBXBuildFile; fileRef = 9C4612A626252BFE0006ADBC /* LaunchScreen.storyboard */; };
		9C4612B326252BFE0006ADBC /* Auto_CorrectTests.swift in Sources */ = {isa = PBXBuildFile; fileRef = 9C4612B226252BFE0006ADBC /* Auto_CorrectTests.swift */; };
		9C4612BE26252BFE0006ADBC /* Auto_CorrectUITests.swift in Sources */ = {isa = PBXBuildFile; fileRef = 9C4612BD26252BFE0006ADBC /* Auto_CorrectUITests.swift */; };
/* End PBXBuildFile section */

/* Begin PBXContainerItemProxy section */
		9C4612AF26252BFE0006ADBC /* PBXContainerItemProxy */ = {
			isa = PBXContainerItemProxy;
			containerPortal = 9C46129026252BFB0006ADBC /* Project object */;
			proxyType = 1;
			remoteGlobalIDString = 9C46129726252BFB0006ADBC;
			remoteInfo = "Auto Correct";
		};
		9C4612BA26252BFE0006ADBC /* PBXContainerItemProxy */ = {
			isa = PBXContainerItemProxy;
			containerPortal = 9C46129026252BFB0006ADBC /* Project object */;
			proxyType = 1;
			remoteGlobalIDString = 9C46129726252BFB0006ADBC;
			remoteInfo = "Auto Correct";
		};
/* End PBXContainerItemProxy section */

/* Begin PBXFileReference section */
		9C46129826252BFB0006ADBC /* Auto Correct.app */ = {isa = PBXFileReference; explicitFileType = wrapper.application; includeInIndex = 0; path = "Auto Correct.app"; sourceTree = BUILT_PRODUCTS_DIR; };
		9C46129B26252BFB0006ADBC /* AppDelegate.swift */ = {isa = PBXFileReference; lastKnownFileType = sourcecode.swift; path = AppDelegate.swift; sourceTree = "<group>"; };
		9C46129D26252BFB0006ADBC /* SceneDelegate.swift */ = {isa = PBXFileReference; lastKnownFileType = sourcecode.swift; path = SceneDelegate.swift; sourceTree = "<group>"; };
		9C46129F26252BFB0006ADBC /* ViewController.swift */ = {isa = PBXFileReference; lastKnownFileType = sourcecode.swift; path = ViewController.swift; sourceTree = "<group>"; };
		9C4612A226252BFB0006ADBC /* Base */ = {isa = PBXFileReference; lastKnownFileType = file.storyboard; name = Base; path = Base.lproj/Main.storyboard; sourceTree = "<group>"; };
		9C4612A426252BFE0006ADBC /* Assets.xcassets */ = {isa = PBXFileReference; lastKnownFileType = folder.assetcatalog; path = Assets.xcassets; sourceTree = "<group>"; };
		9C4612A726252BFE0006ADBC /* Base */ = {isa = PBXFileReference; lastKnownFileType = file.storyboard; name = Base; path = Base.lproj/LaunchScreen.storyboard; sourceTree = "<group>"; };
		9C4612A926252BFE0006ADBC /* Info.plist */ = {isa = PBXFileReference; lastKnownFileType = text.plist.xml; path = Info.plist; sourceTree = "<group>"; };
		9C4612AE26252BFE0006ADBC /* Auto CorrectTests.xctest */ = {isa = PBXFileReference; explicitFileType = wrapper.cfbundle; includeInIndex = 0; path = "Auto CorrectTests.xctest"; sourceTree = BUILT_PRODUCTS_DIR; };
		9C4612B226252BFE0006ADBC /* Auto_CorrectTests.swift */ = {isa = PBXFileReference; lastKnownFileType = sourcecode.swift; path = Auto_CorrectTests.swift; sourceTree = "<group>"; };
		9C4612B426252BFE0006ADBC /* Info.plist */ = {isa = PBXFileReference; lastKnownFileType = text.plist.xml; path = Info.plist; sourceTree = "<group>"; };
		9C4612B926252BFE0006ADBC /* Auto CorrectUITests.xctest */ = {isa = PBXFileReference; explicitFileType = wrapper.cfbundle; includeInIndex = 0; path = "Auto CorrectUITests.xctest"; sourceTree = BUILT_PRODUCTS_DIR; };
		9C4612BD26252BFE0006ADBC /* Auto_CorrectUITests.swift */ = {isa = PBXFileReference; lastKnownFileType = sourcecode.swift; path = Auto_CorrectUITests.swift; sourceTree = "<group>"; };
		9C4612BF26252BFE0006ADBC /* Info.plist */ = {isa = PBXFileReference; lastKnownFileType = text.plist.xml; path = Info.plist; sourceTree = "<group>"; };
/* End PBXFileReference section */

/* Begin PBXFrameworksBuildPhase section */
		9C46129526252BFB0006ADBC /* Frameworks */ = {
			isa = PBXFrameworksBuildPhase;
			buildActionMask = 2147483647;
			files = (
			);
			runOnlyForDeploymentPostprocessing = 0;
		};
		9C4612AB26252BFE0006ADBC /* Frameworks */ = {
			isa = PBXFrameworksBuildPhase;
			buildActionMask = 2147483647;
			files = (
			);
			runOnlyForDeploymentPostprocessing = 0;
		};
		9C4612B626252BFE0006ADBC /* Frameworks */ = {
			isa = PBXFrameworksBuildPhase;
			buildActionMask = 2147483647;
			files = (
			);
			runOnlyForDeploymentPostprocessing = 0;
		};
/* End PBXFrameworksBuildPhase section */

/* Begin PBXGroup section */
		9C46128F26252BFB0006ADBC = {
			isa = PBXGroup;
			children = (
				9C46129A26252BFB0006ADBC /* Auto Correct */,
				9C4612B126252BFE0006ADBC /* Auto CorrectTests */,
				9C4612BC26252BFE0006ADBC /* Auto CorrectUITests */,
				9C46129926252BFB0006ADBC /* Products */,
			);
			sourceTree = "<group>";
		};
		9C46129926252BFB0006ADBC /* Products */ = {
			isa = PBXGroup;
			children = (
				9C46129826252BFB0006ADBC /* Auto Correct.app */,
				9C4612AE26252BFE0006ADBC /* Auto CorrectTests.xctest */,
				9C4612B926252BFE0006ADBC /* Auto CorrectUITests.xctest */,
			);
			name = Products;
			sourceTree = "<group>";
		};
		9C46129A26252BFB0006ADBC /* Auto Correct */ = {
			isa = PBXGroup;
			children = (
				9C46129B26252BFB0006ADBC /* AppDelegate.swift */,
				9C46129D26252BFB0006ADBC /* SceneDelegate.swift */,
				9C46129F26252BFB0006ADBC /* ViewController.swift */,
				9C4612A126252BFB0006ADBC /* Main.storyboard */,
				9C4612A426252BFE0006ADBC /* Assets.xcassets */,
				9C4612A626252BFE0006ADBC /* LaunchScreen.storyboard */,
				9C4612A926252BFE0006ADBC /* Info.plist */,
			);
			path = "Auto Correct";
			sourceTree = "<group>";
		};
		9C4612B126252BFE0006ADBC /* Auto CorrectTests */ = {
			isa = PBXGroup;
			children = (
				9C4612B226252BFE0006ADBC /* Auto_CorrectTests.swift */,
				9C4612B426252BFE0006ADBC /* Info.plist */,
			);
			path = "Auto CorrectTests";
			sourceTree = "<group>";
		};
		9C4612BC26252BFE0006ADBC /* Auto CorrectUITests */ = {
			isa = PBXGroup;
			children = (
				9C4612BD26252BFE0006ADBC /* Auto_CorrectUITests.swift */,
				9C4612BF26252BFE0006ADBC /* Info.plist */,
			);
			path = "Auto CorrectUITests";
			sourceTree = "<group>";
		};
/* End PBXGroup section */

/* Begin PBXNativeTarget section */
		9C46129726252BFB0006ADBC /* Auto Correct */ = {
			isa = PBXNativeTarget;
			buildConfigurationList = 9C4612C226252BFE0006ADBC /* Build configuration list for PBXNativeTarget "Auto Correct" */;
			buildPhases = (
				9C46129426252BFB0006ADBC /* Sources */,
				9C46129526252BFB0006ADBC /* Frameworks */,
				9C46129626252BFB0006ADBC /* Resources */,
			);
			buildRules = (
			);
			dependencies = (
			);
			name = "Auto Correct";
			productName = "Auto Correct";
			productReference = 9C46129826252BFB0006ADBC /* Auto Correct.app */;
			productType = "com.apple.product-type.application";
		};
		9C4612AD26252BFE0006ADBC /* Auto CorrectTests */ = {
			isa = PBXNativeTarget;
			buildConfigurationList = 9C4612C526252BFE0006ADBC /* Build configuration list for PBXNativeTarget "Auto CorrectTests" */;
			buildPhases = (
				9C4612AA26252BFE0006ADBC /* Sources */,
				9C4612AB26252BFE0006ADBC /* Frameworks */,
				9C4612AC26252BFE0006ADBC /* Resources */,
			);
			buildRules = (
			);
			dependencies = (
				9C4612B026252BFE0006ADBC /* PBXTargetDependency */,
			);
			name = "Auto CorrectTests";
			productName = "Auto CorrectTests";
			productReference = 9C4612AE26252BFE0006ADBC /* Auto CorrectTests.xctest */;
			productType = "com.apple.product-type.bundle.unit-test";
		};
		9C4612B826252BFE0006ADBC /* Auto CorrectUITests */ = {
			isa = PBXNativeTarget;
			buildConfigurationList = 9C4612C826252BFE0006ADBC /* Build configuration list for PBXNativeTarget "Auto CorrectUITests" */;
			buildPhases = (
				9C4612B526252BFE0006ADBC /* Sources */,
				9C4612B626252BFE0006ADBC /* Frameworks */,
				9C4612B726252BFE0006ADBC /* Resources */,
			);
			buildRules = (
			);
			dependencies = (
				9C4612BB26252BFE0006ADBC /* PBXTargetDependency */,
			);
			name = "Auto CorrectUITests";
			productName = "Auto CorrectUITests";
			productReference = 9C4612B926252BFE0006ADBC /* Auto CorrectUITests.xctest */;
			productType = "com.apple.product-type.bundle.ui-testing";
		};
/* End PBXNativeTarget section */

/* Begin PBXProject section */
		9C46129026252BFB0006ADBC /* Project object */ = {
			isa = PBXProject;
			attributes = {
				LastSwiftUpdateCheck = 1230;
				LastUpgradeCheck = 1230;
				TargetAttributes = {
					9C46129726252BFB0006ADBC = {
						CreatedOnToolsVersion = 12.3;
					};
					9C4612AD26252BFE0006ADBC = {
						CreatedOnToolsVersion = 12.3;
						TestTargetID = 9C46129726252BFB0006ADBC;
					};
					9C4612B826252BFE0006ADBC = {
						CreatedOnToolsVersion = 12.3;
						TestTargetID = 9C46129726252BFB0006ADBC;
					};
				};
			};
			buildConfigurationList = 9C46129326252BFB0006ADBC /* Build configuration list for PBXProject "Auto Correct" */;
			compatibilityVersion = "Xcode 9.3";
			developmentRegion = en;
			hasScannedForEncodings = 0;
			knownRegions = (
				en,
				Base,
			);
			mainGroup = 9C46128F26252BFB0006ADBC;
			productRefGroup = 9C46129926252BFB0006ADBC /* Products */;
			projectDirPath = "";
			projectRoot = "";
			targets = (
				9C46129726252BFB0006ADBC /* Auto Correct */,
				9C4612AD26252BFE0006ADBC /* Auto CorrectTests */,
				9C4612B826252BFE0006ADBC /* Auto CorrectUITests */,
			);
		};
/* End PBXProject section */

/* Begin PBXResourcesBuildPhase section */
		9C46129626252BFB0006ADBC /* Resources */ = {
			isa = PBXResourcesBuildPhase;
			buildActionMask = 2147483647;
			files = (
				9C4612A826252BFE0006ADBC /* LaunchScreen.storyboard in Resources */,
				9C4612A526252BFE0006ADBC /* Assets.xcassets in Resources */,
				9C4612A326252BFB0006ADBC /* Main.storyboard in Resources */,
			);
			runOnlyForDeploymentPostprocessing = 0;
		};
		9C4612AC26252BFE0006ADBC /* Resources */ = {
			isa = PBXResourcesBuildPhase;
			buildActionMask = 2147483647;
			files = (
			);
			runOnlyForDeploymentPostprocessing = 0;
		};
		9C4612B726252BFE0006ADBC /* Resources */ = {
			isa = PBXResourcesBuildPhase;
			buildActionMask = 2147483647;
			files = (
			);
			runOnlyForDeploymentPostprocessing = 0;
		};
/* End PBXResourcesBuildPhase section */

/* Begin PBXSourcesBuildPhase section */
		9C46129426252BFB0006ADBC /* Sources */ = {
			isa = PBXSourcesBuildPhase;
			buildActionMask = 2147483647;
			files = (
				9C4612A026252BFB0006ADBC /* ViewController.swift in Sources */,
				9C46129C26252BFB0006ADBC /* AppDelegate.swift in Sources */,
				9C46129E26252BFB0006ADBC /* SceneDelegate.swift in Sources */,
			);
			runOnlyForDeploymentPostprocessing = 0;
		};
		9C4612AA26252BFE0006ADBC /* Sources */ = {
			isa = PBXSourcesBuildPhase;
			buildActionMask = 2147483647;
			files = (
				9C4612B326252BFE0006ADBC /* Auto_CorrectTests.swift in Sources */,
			);
			runOnlyForDeploymentPostprocessing = 0;
		};
		9C4612B526252BFE0006ADBC /* Sources */ = {
			isa = PBXSourcesBuildPhase;
			buildActionMask = 2147483647;
			files = (
				9C4612BE26252BFE0006ADBC /* Auto_CorrectUITests.swift in Sources */,
			);
			runOnlyForDeploymentPostprocessing = 0;
		};
/* End PBXSourcesBuildPhase section */

/* Begin PBXTargetDependency section */
		9C4612B026252BFE0006ADBC /* PBXTargetDependency */ = {
			isa = PBXTargetDependency;
			target = 9C46129726252BFB0006ADBC /* Auto Correct */;
			targetProxy = 9C4612AF26252BFE0006ADBC /* PBXContainerItemProxy */;
		};
		9C4612BB26252BFE0006ADBC /* PBXTargetDependency */ = {
			isa = PBXTargetDependency;
			target = 9C46129726252BFB0006ADBC /* Auto Correct */;
			targetProxy = 9C4612BA26252BFE0006ADBC /* PBXContainerItemProxy */;
		};
/* End PBXTargetDependency section */

/* Begin PBXVariantGroup section */
		9C4612A126252BFB0006ADBC /* Main.storyboard */ = {
			isa = PBXVariantGroup;
			children = (
				9C4612A226252BFB0006ADBC /* Base */,
			);
			name = Main.storyboard;
			sourceTree = "<group>";
		};
		9C4612A626252BFE0006ADBC /* LaunchScreen.storyboard */ = {
			isa = PBXVariantGroup;
			children = (
				9C4612A726252BFE0006ADBC /* Base */,
			);
			name = LaunchScreen.storyboard;
			sourceTree = "<group>";
		};
/* End PBXVariantGroup section */

/* Begin XCBuildConfiguration section */
		9C4612C026252BFE0006ADBC /* Debug */ = {
			isa = XCBuildConfiguration;
			buildSettings = {
				ALWAYS_SEARCH_USER_PATHS = NO;
				CLANG_ANALYZER_NONNULL = YES;
				CLANG_ANALYZER_NUMBER_OBJECT_CONVERSION = YES_AGGRESSIVE;
				CLANG_CXX_LANGUAGE_STANDARD = "gnu++14";
				CLANG_CXX_LIBRARY = "libc++";
				CLANG_ENABLE_MODULES = YES;
				CLANG_ENABLE_OBJC_ARC = YES;
				CLANG_ENABLE_OBJC_WEAK = YES;
				CLANG_WARN_BLOCK_CAPTURE_AUTORELEASING = YES;
				CLANG_WARN_BOOL_CONVERSION = YES;
				CLANG_WARN_COMMA = YES;
				CLANG_WARN_CONSTANT_CONVERSION = YES;
				CLANG_WARN_DEPRECATED_OBJC_IMPLEMENTATIONS = YES;
				CLANG_WARN_DIRECT_OBJC_ISA_USAGE = YES_ERROR;
				CLANG_WARN_DOCUMENTATION_COMMENTS = YES;
				CLANG_WARN_EMPTY_BODY = YES;
				CLANG_WARN_ENUM_CONVERSION = YES;
				CLANG_WARN_INFINITE_RECURSION = YES;
				CLANG_WARN_INT_CONVERSION = YES;
				CLANG_WARN_NON_LITERAL_NULL_CONVERSION = YES;
				CLANG_WARN_OBJC_IMPLICIT_RETAIN_SELF = YES;
				CLANG_WARN_OBJC_LITERAL_CONVERSION = YES;
				CLANG_WARN_OBJC_ROOT_CLASS = YES_ERROR;
				CLANG_WARN_QUOTED_INCLUDE_IN_FRAMEWORK_HEADER = YES;
				CLANG_WARN_RANGE_LOOP_ANALYSIS = YES;
				CLANG_WARN_STRICT_PROTOTYPES = YES;
				CLANG_WARN_SUSPICIOUS_MOVE = YES;
				CLANG_WARN_UNGUARDED_AVAILABILITY = YES_AGGRESSIVE;
				CLANG_WARN_UNREACHABLE_CODE = YES;
				CLANG_WARN__DUPLICATE_METHOD_MATCH = YES;
				COPY_PHASE_STRIP = NO;
				DEBUG_INFORMATION_FORMAT = dwarf;
				ENABLE_STRICT_OBJC_MSGSEND = YES;
				ENABLE_TESTABILITY = YES;
				GCC_C_LANGUAGE_STANDARD = gnu11;
				GCC_DYNAMIC_NO_PIC = NO;
				GCC_NO_COMMON_BLOCKS = YES;
				GCC_OPTIMIZATION_LEVEL = 0;
				GCC_PREPROCESSOR_DEFINITIONS = (
					"DEBUG=1",
					"$(inherited)",
				);
				GCC_WARN_64_TO_32_BIT_CONVERSION = YES;
				GCC_WARN_ABOUT_RETURN_TYPE = YES_ERROR;
				GCC_WARN_UNDECLARED_SELECTOR = YES;
				GCC_WARN_UNINITIALIZED_AUTOS = YES_AGGRESSIVE;
				GCC_WARN_UNUSED_FUNCTION = YES;
				GCC_WARN_UNUSED_VARIABLE = YES;
				IPHONEOS_DEPLOYMENT_TARGET = 14.3;
				MTL_ENABLE_DEBUG_INFO = INCLUDE_SOURCE;
				MTL_FAST_MATH = YES;
				ONLY_ACTIVE_ARCH = YES;
				SDKROOT = iphoneos;
				SWIFT_ACTIVE_COMPILATION_CONDITIONS = DEBUG;
				SWIFT_OPTIMIZATION_LEVEL = "-Onone";
			};
			name = Debug;
		};
		9C4612C126252BFE0006ADBC /* Release */ = {
			isa = XCBuildConfiguration;
			buildSettings = {
				ALWAYS_SEARCH_USER_PATHS = NO;
				CLANG_ANALYZER_NONNULL = YES;
				CLANG_ANALYZER_NUMBER_OBJECT_CONVERSION = YES_AGGRESSIVE;
				CLANG_CXX_LANGUAGE_STANDARD = "gnu++14";
				CLANG_CXX_LIBRARY = "libc++";
				CLANG_ENABLE_MODULES = YES;
				CLANG_ENABLE_OBJC_ARC = YES;
				CLANG_ENABLE_OBJC_WEAK = YES;
				CLANG_WARN_BLOCK_CAPTURE_AUTORELEASING = YES;
				CLANG_WARN_BOOL_CONVERSION = YES;
				CLANG_WARN_COMMA = YES;
				CLANG_WARN_CONSTANT_CONVERSION = YES;
				CLANG_WARN_DEPRECATED_OBJC_IMPLEMENTATIONS = YES;
				CLANG_WARN_DIRECT_OBJC_ISA_USAGE = YES_ERROR;
				CLANG_WARN_DOCUMENTATION_COMMENTS = YES;
				CLANG_WARN_EMPTY_BODY = YES;
				CLANG_WARN_ENUM_CONVERSION = YES;
				CLANG_WARN_INFINITE_RECURSION = YES;
				CLANG_WARN_INT_CONVERSION = YES;
				CLANG_WARN_NON_LITERAL_NULL_CONVERSION = YES;
				CLANG_WARN_OBJC_IMPLICIT_RETAIN_SELF = YES;
				CLANG_WARN_OBJC_LITERAL_CONVERSION = YES;
				CLANG_WARN_OBJC_ROOT_CLASS = YES_ERROR;
				CLANG_WARN_QUOTED_INCLUDE_IN_FRAMEWORK_HEADER = YES;
				CLANG_WARN_RANGE_LOOP_ANALYSIS = YES;
				CLANG_WARN_STRICT_PROTOTYPES = YES;
				CLANG_WARN_SUSPICIOUS_MOVE = YES;
				CLANG_WARN_UNGUARDED_AVAILABILITY = YES_AGGRESSIVE;
				CLANG_WARN_UNREACHABLE_CODE = YES;
				CLANG_WARN__DUPLICATE_METHOD_MATCH = YES;
				COPY_PHASE_STRIP = NO;
				DEBUG_INFORMATION_FORMAT = "dwarf-with-dsym";
				ENABLE_NS_ASSERTIONS = NO;
				ENABLE_STRICT_OBJC_MSGSEND = YES;
				GCC_C_LANGUAGE_STANDARD = gnu11;
				GCC_NO_COMMON_BLOCKS = YES;
				GCC_WARN_64_TO_32_BIT_CONVERSION = YES;
				GCC_WARN_ABOUT_RETURN_TYPE = YES_ERROR;
				GCC_WARN_UNDECLARED_SELECTOR = YES;
				GCC_WARN_UNINITIALIZED_AUTOS = YES_AGGRESSIVE;
				GCC_WARN_UNUSED_FUNCTION = YES;
				GCC_WARN_UNUSED_VARIABLE = YES;
				IPHONEOS_DEPLOYMENT_TARGET = 14.3;
				MTL_ENABLE_DEBUG_INFO = NO;
				MTL_FAST_MATH = YES;
				SDKROOT = iphoneos;
				SWIFT_COMPILATION_MODE = wholemodule;
				SWIFT_OPTIMIZATION_LEVEL = "-O";
				VALIDATE_PRODUCT = YES;
			};
			name = Release;
		};
		9C4612C326252BFE0006ADBC /* Debug */ = {
			isa = XCBuildConfiguration;
			buildSettings = {
				ASSETCATALOG_COMPILER_APPICON_NAME = AppIcon;
				ASSETCATALOG_COMPILER_GLOBAL_ACCENT_COLOR_NAME = AccentColor;
				CODE_SIGN_STYLE = Automatic;
				DEVELOPMENT_TEAM = WT984A9JGY;
				INFOPLIST_FILE = "Auto Correct/Info.plist";
				LD_RUNPATH_SEARCH_PATHS = (
					"$(inherited)",
					"@executable_path/Frameworks",
				);
				PRODUCT_BUNDLE_IDENTIFIER = "elon-uni.Auto-Correct";
				PRODUCT_NAME = "$(TARGET_NAME)";
				SWIFT_VERSION = 5.0;
				TARGETED_DEVICE_FAMILY = "1,2";
			};
			name = Debug;
		};
		9C4612C426252BFE0006ADBC /* Release */ = {
			isa = XCBuildConfiguration;
			buildSettings = {
				ASSETCATALOG_COMPILER_APPICON_NAME = AppIcon;
				ASSETCATALOG_COMPILER_GLOBAL_ACCENT_COLOR_NAME = AccentColor;
				CODE_SIGN_STYLE = Automatic;
				DEVELOPMENT_TEAM = WT984A9JGY;
				INFOPLIST_FILE = "Auto Correct/Info.plist";
				LD_RUNPATH_SEARCH_PATHS = (
					"$(inherited)",
					"@executable_path/Frameworks",
				);
				PRODUCT_BUNDLE_IDENTIFIER = "elon-uni.Auto-Correct";
				PRODUCT_NAME = "$(TARGET_NAME)";
				SWIFT_VERSION = 5.0;
				TARGETED_DEVICE_FAMILY = "1,2";
			};
			name = Release;
		};
		9C4612C626252BFE0006ADBC /* Debug */ = {
			isa = XCBuildConfiguration;
			buildSettings = {
				ALWAYS_EMBED_SWIFT_STANDARD_LIBRARIES = YES;
				BUNDLE_LOADER = "$(TEST_HOST)";
				CODE_SIGN_STYLE = Automatic;
				DEVELOPMENT_TEAM = WT984A9JGY;
				INFOPLIST_FILE = "Auto CorrectTests/Info.plist";
				IPHONEOS_DEPLOYMENT_TARGET = 14.3;
				LD_RUNPATH_SEARCH_PATHS = (
					"$(inherited)",
					"@executable_path/Frameworks",
					"@loader_path/Frameworks",
				);
				PRODUCT_BUNDLE_IDENTIFIER = "elon-uni.Auto-CorrectTests";
				PRODUCT_NAME = "$(TARGET_NAME)";
				SWIFT_VERSION = 5.0;
				TARGETED_DEVICE_FAMILY = "1,2";
				TEST_HOST = "$(BUILT_PRODUCTS_DIR)/Auto Correct.app/Auto Correct";
			};
			name = Debug;
		};
		9C4612C726252BFE0006ADBC /* Release */ = {
			isa = XCBuildConfiguration;
			buildSettings = {
				ALWAYS_EMBED_SWIFT_STANDARD_LIBRARIES = YES;
				BUNDLE_LOADER = "$(TEST_HOST)";
				CODE_SIGN_STYLE = Automatic;
				DEVELOPMENT_TEAM = WT984A9JGY;
				INFOPLIST_FILE = "Auto CorrectTests/Info.plist";
				IPHONEOS_DEPLOYMENT_TARGET = 14.3;
				LD_RUNPATH_SEARCH_PATHS = (
					"$(inherited)",
					"@executable_path/Frameworks",
					"@loader_path/Frameworks",
				);
				PRODUCT_BUNDLE_IDENTIFIER = "elon-uni.Auto-CorrectTests";
				PRODUCT_NAME = "$(TARGET_NAME)";
				SWIFT_VERSION = 5.0;
				TARGETED_DEVICE_FAMILY = "1,2";
				TEST_HOST = "$(BUILT_PRODUCTS_DIR)/Auto Correct.app/Auto Correct";
			};
			name = Release;
		};
		9C4612C926252BFE0006ADBC /* Debug */ = {
			isa = XCBuildConfiguration;
			buildSettings = {
				ALWAYS_EMBED_SWIFT_STANDARD_LIBRARIES = YES;
				CODE_SIGN_STYLE = Automatic;
				DEVELOPMENT_TEAM = WT984A9JGY;
				INFOPLIST_FILE = "Auto CorrectUITests/Info.plist";
				LD_RUNPATH_SEARCH_PATHS = (
					"$(inherited)",
					"@executable_path/Frameworks",
					"@loader_path/Frameworks",
				);
				PRODUCT_BUNDLE_IDENTIFIER = "elon-uni.Auto-CorrectUITests";
				PRODUCT_NAME = "$(TARGET_NAME)";
				SWIFT_VERSION = 5.0;
				TARGETED_DEVICE_FAMILY = "1,2";
				TEST_TARGET_NAME = "Auto Correct";
			};
			name = Debug;
		};
		9C4612CA26252BFE0006ADBC /* Release */ = {
			isa = XCBuildConfiguration;
			buildSettings = {
				ALWAYS_EMBED_SWIFT_STANDARD_LIBRARIES = YES;
				CODE_SIGN_STYLE = Automatic;
				DEVELOPMENT_TEAM = WT984A9JGY;
				INFOPLIST_FILE = "Auto CorrectUITests/Info.plist";
				LD_RUNPATH_SEARCH_PATHS = (
					"$(inherited)",
					"@executable_path/Frameworks",
					"@loader_path/Frameworks",
				);
				PRODUCT_BUNDLE_IDENTIFIER = "elon-uni.Auto-CorrectUITests";
				PRODUCT_NAME = "$(TARGET_NAME)";
				SWIFT_VERSION = 5.0;
				TARGETED_DEVICE_FAMILY = "1,2";
				TEST_TARGET_NAME = "Auto Correct";
			};
			name = Release;
		};
/* End XCBuildConfiguration section */

/* Begin XCConfigurationList section */
		9C46129326252BFB0006ADBC /* Build configuration list for PBXProject "Auto Correct" */ = {
			isa = XCConfigurationList;
			buildConfigurations = (
				9C4612C026252BFE0006ADBC /* Debug */,
				9C4612C126252BFE0006ADBC /* Release */,
			);
			defaultConfigurationIsVisible = 0;
			defaultConfigurationName = Release;
		};
		9C4612C226252BFE0006ADBC /* Build configuration list for PBXNativeTarget "Auto Correct" */ = {
			isa = XCConfigurationList;
			buildConfigurations = (
				9C4612C326252BFE0006ADBC /* Debug */,
				9C4612C426252BFE0006ADBC /* Release */,
			);
			defaultConfigurationIsVisible = 0;
			defaultConfigurationName = Release;
		};
		9C4612C526252BFE0006ADBC /* Build configuration list for PBXNativeTarget "Auto CorrectTests" */ = {
			isa = XCConfigurationList;
			buildConfigurations = (
				9C4612C626252BFE0006ADBC /* Debug */,
				9C4612C726252BFE0006ADBC /* Release */,
			);
			defaultConfigurationIsVisible = 0;
			defaultConfigurationName = Release;
		};
		9C4612C826252BFE0006ADBC /* Build configuration list for PBXNativeTarget "Auto CorrectUITests" */ = {
			isa = XCConfigurationList;
			buildConfigurations = (
				9C4612C926252BFE0006ADBC /* Debug */,
				9C4612CA26252BFE0006ADBC /* Release */,
			);
			defaultConfigurationIsVisible = 0;
			defaultConfigurationName = Release;
		};
/* End XCConfigurationList section */
	};
	rootObject = 9C46129026252BFB0006ADBC /* Project object */;
}
